
Microsoft Visual Studio Solution File, Format Version 12.00
# Visual Studio Version 17
VisualStudioVersion = 17.1.32210.238
MinimumVisualStudioVersion = 10.0.40219.1
Project("{FAE04EC0-301F-11D3-BF4B-00C04F79EFBC}") = "StudentRepoExample", "StudentRepoExample\StudentRepoExample.csproj", "{5086737C-58D5-4028-B56F-34D1AFD580B2}"
EndProject
Project("{FAE04EC0-301F-11D3-BF4B-00C04F79EFBC}") = "XunitTestProject", "XunitTestProject\XunitTestProject.csproj", "{7FE85EF3-22E3-4039-ADC4-7C3A12873E34}"
EndProject
Global
	GlobalSection(SolutionConfigurationPlatforms) = preSolution
		Debug|Any CPU = Debug|Any CPU
		Release|Any CPU = Release|Any CPU
	EndGlobalSection
	GlobalSection(ProjectConfigurationPlatforms) = postSolution
		{5086737C-58D5-4028-B56F-34D1AFD580B2}.Debug|Any CPU.ActiveCfg = Debug|Any CPU
		{5086737C-58D5-4028-B56F-34D1AFD580B2}.Debug|Any CPU.Build.0 = Debug|Any CPU
		{5086737C-58D5-4028-B56F-34D1AFD580B2}.Release|Any CPU.ActiveCfg = Release|Any CPU
		{5086737C-58D5-4028-B56F-34D1AFD580B2}.Release|Any CPU.Build.0 = Release|Any CPU
		{7FE85EF3-22E3-4039-ADC4-7C3A12873E34}.Debug|Any CPU.ActiveCfg = Debug|Any CPU
		{7FE85EF3-22E3-4039-ADC4-7C3A12873E34}.Debug|Any CPU.Build.0 = Debug|Any CPU
		{7FE85EF3-22E3-4039-ADC4-7C3A12873E34}.Release|Any CPU.ActiveCfg = Release|Any CPU
		{7FE85EF3-22E3-4039-ADC4-7C3A12873E34}.Release|Any CPU.Build.0 = Release|Any CPU
	EndGlobalSection
	GlobalSection(SolutionProperties) = preSolution
		HideSolutionNode = FALSE
	EndGlobalSection
	GlobalSection(ExtensibilityGlobals) = postSolution
		SolutionGuid = {DD73FB90-687B-429A-8A49-658A2DD5EF27}
	EndGlobalSection
EndGlobal
